
Microsoft Visual Studio Solution File, Format Version 12.00
Project("{FAE04EC0-301F-11D3-BF4B-00C04F79EFBC}") = "2017.okt-K", "2017.okt-K\2017.okt-K.csproj", "{3928A3F6-A5A1-462C-987B-A569C1CB7A95}"
EndProject
Global
	GlobalSection(SolutionConfigurationPlatforms) = preSolution
		Debug|Any CPU = Debug|Any CPU
		Release|Any CPU = Release|Any CPU
	EndGlobalSection
	GlobalSection(ProjectConfigurationPlatforms) = postSolution
		{3928A3F6-A5A1-462C-987B-A569C1CB7A95}.Debug|Any CPU.ActiveCfg = Debug|Any CPU
		{3928A3F6-A5A1-462C-987B-A569C1CB7A95}.Debug|Any CPU.Build.0 = Debug|Any CPU
		{3928A3F6-A5A1-462C-987B-A569C1CB7A95}.Release|Any CPU.ActiveCfg = Release|Any CPU
		{3928A3F6-A5A1-462C-987B-A569C1CB7A95}.Release|Any CPU.Build.0 = Release|Any CPU
	EndGlobalSection
EndGlobal
